Microsoft Visual Studio Solution File, Format Version 12.00
# Visual Studio Version 17
VisualStudioVersion = 17.5.2.0
MinimumVisualStudioVersion = 10.0.40219.1
Project("{2150E333-8FDC-42A3-9474-1A3956D46DE8}") = "extensions", "extensions", "{BE133D91-034E-1084-498B-FF24C4084A55}"
EndProject
Project("{2150E333-8FDC-42A3-9474-1A3956D46DE8}") = "McpPlugin", "McpPlugin", "{5B5F81E4-9AD9-C4F8-C003-8221D9EEF853}"
EndProject
Project("{2150E333-8FDC-42A3-9474-1A3956D46DE8}") = "release", "release", "{AC6C82AC-470F-0727-591E-7B063710C52D}"
EndProject
Project("{2150E333-8FDC-42A3-9474-1A3956D46DE8}") = "node_modules", "node_modules", "{4F323C00-2DAB-898A-CB37-BBC8B5F74E19}"
EndProject
Project("{2150E333-8FDC-42A3-9474-1A3956D46DE8}") = "abb-robot-control", "abb-robot-control", "{A127A9D2-6E7B-C268-8CC0-2435DAAE4E0C}"
EndProject
Project("{2150E333-8FDC-42A3-9474-1A3956D46DE8}") = "src", "src", "{C3A636A0-068C-CAEB-C47B-ECED2B60774C}"
EndProject
Project("{FAE04EC0-301F-11D3-BF4B-00C04F79EFBC}") = "ABBBridge", "extensions\abb-robot-control\src\ABBBridge.csproj", "{FFDA489D-C169-7F3F-00CD-4AF69D5B9D58}"
EndProject
Project("{2150E333-8FDC-42A3-9474-1A3956D46DE8}") = "abb-robot-control", "abb-robot-control", "{2A3E2788-F678-FFD9-D006-7DCE69DC39B1}"
EndProject
Project("{2150E333-8FDC-42A3-9474-1A3956D46DE8}") = "src", "src", "{472B364D-0764-DE0D-51BC-CF7252EEC4C9}"
EndProject
Project("{FAE04EC0-301F-11D3-BF4B-00C04F79EFBC}") = "ABBBridge", "McpPlugin\abb-robot-control\src\ABBBridge.csproj", "{A2A5207A-017B-2E91-DB19-608295B026FA}"
EndProject
Project("{2150E333-8FDC-42A3-9474-1A3956D46DE8}") = "mcp", "mcp", "{41F0AB6B-F170-9C57-1558-C38440CFA639}"
EndProject
Project("{2150E333-8FDC-42A3-9474-1A3956D46DE8}") = "abb-robot-control", "abb-robot-control", "{978AEE62-9754-7CF8-CE3B-3DBC7B1BD46F}"
EndProject
Project("{2150E333-8FDC-42A3-9474-1A3956D46DE8}") = "src", "src", "{7ED89755-EC3A-9FFC-003C-8F73FE40728D}"
EndProject
Project("{FAE04EC0-301F-11D3-BF4B-00C04F79EFBC}") = "ABBBridge", "release\mcp\abb-robot-control\src\ABBBridge.csproj", "{3041A8E1-E233-6055-8A6D-74805EE2552B}"
EndProject
Project("{2150E333-8FDC-42A3-9474-1A3956D46DE8}") = ".pnpm", ".pnpm", "{CF79B277-3B6B-4930-A444-A2C4D2323444}"
EndProject
Project("{2150E333-8FDC-42A3-9474-1A3956D46DE8}") = "edge-js@25.0.1", "edge-js@25.0.1", "{3CF31C1A-2D42-16E6-059D-8ECD51B7E835}"
EndProject
Project("{2150E333-8FDC-42A3-9474-1A3956D46DE8}") = "node_modules", "node_modules", "{07A86FEF-69EF-FFC9-E349-AEDF722DFD4C}"
EndProject
Project("{2150E333-8FDC-42A3-9474-1A3956D46DE8}") = "edge-js", "edge-js", "{15B43554-4972-9547-5D2A-CB676C1FA167}"
EndProject
Project("{2150E333-8FDC-42A3-9474-1A3956D46DE8}") = "lib", "lib", "{50C17CDD-1B8E-A03B-B4C4-F3401EB3FE59}"
EndProject
Project("{FAE04EC0-301F-11D3-BF4B-00C04F79EFBC}") = "bootstrap", "node_modules\.pnpm\edge-js@25.0.1\node_modules\edge-js\lib\bootstrap\bootstrap.csproj", "{AE907305-07F4-B770-56B4-9C271223CDE4}"
EndProject
Project("{2150E333-8FDC-42A3-9474-1A3956D46DE8}") = "src", "src", "{3F152803-BDCD-4869-1581-3D028038604E}"
EndProject
Project("{2150E333-8FDC-42A3-9474-1A3956D46DE8}") = "double", "double", "{A5D2046C-925A-6ED5-702F-CCE38C4AE987}"
EndProject
Project("{FAE04EC0-301F-11D3-BF4B-00C04F79EFBC}") = "Edge.js", "node_modules\.pnpm\edge-js@25.0.1\node_modules\edge-js\src\double\Edge.js\Edge.js.csproj", "{6D702B2A-FC21-E5A2-336E-C9D8F0E29A57}"
EndProject
Global
	GlobalSection(SolutionConfigurationPlatforms) = preSolution
		Debug|Any CPU = Debug|Any CPU
		Release|Any CPU = Release|Any CPU
	EndGlobalSection
	GlobalSection(ProjectConfigurationPlatforms) = postSolution
		{FFDA489D-C169-7F3F-00CD-4AF69D5B9D58}.Debug|Any CPU.ActiveCfg = Debug|Any CPU
		{FFDA489D-C169-7F3F-00CD-4AF69D5B9D58}.Debug|Any CPU.Build.0 = Debug|Any CPU
		{FFDA489D-C169-7F3F-00CD-4AF69D5B9D58}.Release|Any CPU.ActiveCfg = Release|Any CPU
		{FFDA489D-C169-7F3F-00CD-4AF69D5B9D58}.Release|Any CPU.Build.0 = Release|Any CPU
		{A2A5207A-017B-2E91-DB19-608295B026FA}.Debug|Any CPU.ActiveCfg = Debug|Any CPU
		{A2A5207A-017B-2E91-DB19-608295B026FA}.Debug|Any CPU.Build.0 = Debug|Any CPU
		{A2A5207A-017B-2E91-DB19-608295B026FA}.Release|Any CPU.ActiveCfg = Release|Any CPU
		{A2A5207A-017B-2E91-DB19-608295B026FA}.Release|Any CPU.Build.0 = Release|Any CPU
		{3041A8E1-E233-6055-8A6D-74805EE2552B}.Debug|Any CPU.ActiveCfg = Debug|Any CPU
		{3041A8E1-E233-6055-8A6D-74805EE2552B}.Debug|Any CPU.Build.0 = Debug|Any CPU
		{3041A8E1-E233-6055-8A6D-74805EE2552B}.Release|Any CPU.ActiveCfg = Release|Any CPU
		{3041A8E1-E233-6055-8A6D-74805EE2552B}.Release|Any CPU.Build.0 = Release|Any CPU
		{AE907305-07F4-B770-56B4-9C271223CDE4}.Debug|Any CPU.ActiveCfg = Debug|Any CPU
		{AE907305-07F4-B770-56B4-9C271223CDE4}.Debug|Any CPU.Build.0 = Debug|Any CPU
		{AE907305-07F4-B770-56B4-9C271223CDE4}.Release|Any CPU.ActiveCfg = Release|Any CPU
		{AE907305-07F4-B770-56B4-9C271223CDE4}.Release|Any CPU.Build.0 = Release|Any CPU
		{6D702B2A-FC21-E5A2-336E-C9D8F0E29A57}.Debug|Any CPU.ActiveCfg = Debug|Any CPU
		{6D702B2A-FC21-E5A2-336E-C9D8F0E29A57}.Debug|Any CPU.Build.0 = Debug|Any CPU
		{6D702B2A-FC21-E5A2-336E-C9D8F0E29A57}.Release|Any CPU.ActiveCfg = Release|Any CPU
		{6D702B2A-FC21-E5A2-336E-C9D8F0E29A57}.Release|Any CPU.Build.0 = Release|Any CPU
	EndGlobalSection
	GlobalSection(SolutionProperties) = preSolution
		HideSolutionNode = FALSE
	EndGlobalSection
	GlobalSection(NestedProjects) = preSolution
		{A127A9D2-6E7B-C268-8CC0-2435DAAE4E0C} = {BE133D91-034E-1084-498B-FF24C4084A55}
		{C3A636A0-068C-CAEB-C47B-ECED2B60774C} = {A127A9D2-6E7B-C268-8CC0-2435DAAE4E0C}
		{FFDA489D-C169-7F3F-00CD-4AF69D5B9D58} = {C3A636A0-068C-CAEB-C47B-ECED2B60774C}
		{2A3E2788-F678-FFD9-D006-7DCE69DC39B1} = {5B5F81E4-9AD9-C4F8-C003-8221D9EEF853}
		{472B364D-0764-DE0D-51BC-CF7252EEC4C9} = {2A3E2788-F678-FFD9-D006-7DCE69DC39B1}
		{A2A5207A-017B-2E91-DB19-608295B026FA} = {472B364D-0764-DE0D-51BC-CF7252EEC4C9}
		{41F0AB6B-F170-9C57-1558-C38440CFA639} = {AC6C82AC-470F-0727-591E-7B063710C52D}
		{978AEE62-9754-7CF8-CE3B-3DBC7B1BD46F} = {41F0AB6B-F170-9C57-1558-C38440CFA639}
		{7ED89755-EC3A-9FFC-003C-8F73FE40728D} = {978AEE62-9754-7CF8-CE3B-3DBC7B1BD46F}
		{3041A8E1-E233-6055-8A6D-74805EE2552B} = {7ED89755-EC3A-9FFC-003C-8F73FE40728D}
		{CF79B277-3B6B-4930-A444-A2C4D2323444} = {4F323C00-2DAB-898A-CB37-BBC8B5F74E19}
		{3CF31C1A-2D42-16E6-059D-8ECD51B7E835} = {CF79B277-3B6B-4930-A444-A2C4D2323444}
		{07A86FEF-69EF-FFC9-E349-AEDF722DFD4C} = {3CF31C1A-2D42-16E6-059D-8ECD51B7E835}
		{15B43554-4972-9547-5D2A-CB676C1FA167} = {07A86FEF-69EF-FFC9-E349-AEDF722DFD4C}
		{50C17CDD-1B8E-A03B-B4C4-F3401EB3FE59} = {15B43554-4972-9547-5D2A-CB676C1FA167}
		{AE907305-07F4-B770-56B4-9C271223CDE4} = {50C17CDD-1B8E-A03B-B4C4-F3401EB3FE59}
		{3F152803-BDCD-4869-1581-3D028038604E} = {15B43554-4972-9547-5D2A-CB676C1FA167}
		{A5D2046C-925A-6ED5-702F-CCE38C4AE987} = {3F152803-BDCD-4869-1581-3D028038604E}
		{6D702B2A-FC21-E5A2-336E-C9D8F0E29A57} = {A5D2046C-925A-6ED5-702F-CCE38C4AE987}
	EndGlobalSection
	GlobalSection(ExtensibilityGlobals) = postSolution
		SolutionGuid = {C098C573-30C8-4330-9D97-4C86EA6762A7}
	EndGlobalSection
EndGlobal
